
Microsoft Visual Studio Solution File, Format Version 12.00
# Visual Studio Version 17
VisualStudioVersion = 17.7.34202.233
MinimumVisualStudioVersion = 10.0.40219.1
Project("{FAE04EC0-301F-11D3-BF4B-00C04F79EFBC}") = "HTTShop", "HTTShop\HTTShop.csproj", "{DE81E7C3-B69B-4E3E-8D8E-15741C699EDF}"
EndProject
Global
	GlobalSection(SolutionConfigurationPlatforms) = preSolution
		Debug|Any CPU = Debug|Any CPU
		Release|Any CPU = Release|Any CPU
	EndGlobalSection
	GlobalSection(ProjectConfigurationPlatforms) = postSolution
		{DE81E7C3-B69B-4E3E-8D8E-15741C699EDF}.Debug|Any CPU.ActiveCfg = Debug|Any CPU
		{DE81E7C3-B69B-4E3E-8D8E-15741C699EDF}.Debug|Any CPU.Build.0 = Debug|Any CPU
		{DE81E7C3-B69B-4E3E-8D8E-15741C699EDF}.Release|Any CPU.ActiveCfg = Release|Any CPU
		{DE81E7C3-B69B-4E3E-8D8E-15741C699EDF}.Release|Any CPU.Build.0 = Release|Any CPU
	EndGlobalSection
	GlobalSection(SolutionProperties) = preSolution
		HideSolutionNode = FALSE
	EndGlobalSection
	GlobalSection(ExtensibilityGlobals) = postSolution
		SolutionGuid = {91C233C7-7D37-4ECC-913E-56DF80C5AB1F}
	EndGlobalSection
EndGlobal
